
Microsoft Visual Studio Solution File, Format Version 12.00
# Visual Studio Version 17
VisualStudioVersion = 17.5.002.0
MinimumVisualStudioVersion = 10.0.40219.1
Project("{9A19103F-16F7-4668-BE54-9A1E7A4F7556}") = "order-processor", "order-processor\order-processor.csproj", "{0014F48F-6A64-4346-A516-0D4901AA4560}"
EndProject
Project("{9A19103F-16F7-4668-BE54-9A1E7A4F7556}") = "checkout", "checkout\checkout.csproj", "{9E8C67FD-6FE0-4FB0-8C3A-2E1056579BB4}"
EndProject
Global
	GlobalSection(SolutionConfigurationPlatforms) = preSolution
		Debug|Any CPU = Debug|Any CPU
		Release|Any CPU = Release|Any CPU
	EndGlobalSection
	GlobalSection(ProjectConfigurationPlatforms) = postSolution
		{0014F48F-6A64-4346-A516-0D4901AA4560}.Debug|Any CPU.ActiveCfg = Debug|Any CPU
		{0014F48F-6A64-4346-A516-0D4901AA4560}.Debug|Any CPU.Build.0 = Debug|Any CPU
		{0014F48F-6A64-4346-A516-0D4901AA4560}.Release|Any CPU.ActiveCfg = Release|Any CPU
		{0014F48F-6A64-4346-A516-0D4901AA4560}.Release|Any CPU.Build.0 = Release|Any CPU
		{9E8C67FD-6FE0-4FB0-8C3A-2E1056579BB4}.Debug|Any CPU.ActiveCfg = Debug|Any CPU
		{9E8C67FD-6FE0-4FB0-8C3A-2E1056579BB4}.Debug|Any CPU.Build.0 = Debug|Any CPU
		{9E8C67FD-6FE0-4FB0-8C3A-2E1056579BB4}.Release|Any CPU.ActiveCfg = Release|Any CPU
		{9E8C67FD-6FE0-4FB0-8C3A-2E1056579BB4}.Release|Any CPU.Build.0 = Release|Any CPU
	EndGlobalSection
	GlobalSection(SolutionProperties) = preSolution
		HideSolutionNode = FALSE
	EndGlobalSection
	GlobalSection(ExtensibilityGlobals) = postSolution
		SolutionGuid = {E5CE8496-2517-4AAE-BF10-E1DFB594DDFB}
	EndGlobalSection
EndGlobal
