
Microsoft Visual Studio Solution File, Format Version 12.00
# Visual Studio Version 17
VisualStudioVersion = 17.5.002.0
MinimumVisualStudioVersion = 10.0.40219.1
Project("{9A19103F-16F7-4668-BE54-9A1E7A4F7556}") = "order-processor", "order-processor.csproj", "{751070D4-3744-4FD8-9F41-E7234731AC5E}"
EndProject
Global
	GlobalSection(SolutionConfigurationPlatforms) = preSolution
		Debug|Any CPU = Debug|Any CPU
		Release|Any CPU = Release|Any CPU
	EndGlobalSection
	GlobalSection(ProjectConfigurationPlatforms) = postSolution
		{751070D4-3744-4FD8-9F41-E7234731AC5E}.Debug|Any CPU.ActiveCfg = Debug|Any CPU
		{751070D4-3744-4FD8-9F41-E7234731AC5E}.Debug|Any CPU.Build.0 = Debug|Any CPU
		{751070D4-3744-4FD8-9F41-E7234731AC5E}.Release|Any CPU.ActiveCfg = Release|Any CPU
		{751070D4-3744-4FD8-9F41-E7234731AC5E}.Release|Any CPU.Build.0 = Release|Any CPU
	EndGlobalSection
	GlobalSection(SolutionProperties) = preSolution
		HideSolutionNode = FALSE
	EndGlobalSection
	GlobalSection(ExtensibilityGlobals) = postSolution
		SolutionGuid = {D88B2AAE-7871-48D4-960D-B702EDC69394}
	EndGlobalSection
EndGlobal
